// !$*UTF8*$!
{
	archiveVersion = 1;
	classes = {
	};
	objectVersion = 77;
	objects = {

/* Begin PBXBuildFile section */
		0089BC2B358DE385EFD46338 /* GRDB in Frameworks */ = {isa = PBXBuildFile; productRef = C2CCF0780EE410525828F526 /* GRDB */; };
		1CCBE1EA8B9BEF3B17C03E19 /* TrackingIntegrationTests.swift in Sources */ = {isa = PBXBuildFile; fileRef = 885CF3295A75647988ABBE95 /* TrackingIntegrationTests.swift */; };
		1E825065A01AF3EF030E8063 /* MainWindowView.swift in Sources */ = {isa = PBXBuildFile; fileRef = 8351A4EEE14ABE66856C8BE8 /* MainWindowView.swift */; };
		2AA5DA1DE52792302B44D2BC /* SessionListViewModelTests.swift in Sources */ = {isa = PBXBuildFile; fileRef = CA7D088BEC2C01178D2E9918 /* SessionListViewModelTests.swift */; };
		32DC92917D19C4E060DCB1BE /* SettingsManagerTests.swift in Sources */ = {isa = PBXBuildFile; fileRef = 8E685B9EF46A5EE3B34BD50F /* SettingsManagerTests.swift */; };
		379414745EC99C2DEFAA03ED /* SessionFormatterTests.swift in Sources */ = {isa = PBXBuildFile; fileRef = 00A5C67D0B5C31893670E77D /* SessionFormatterTests.swift */; };
		41F63E1D39F1982DFC892652 /* SessionFormatter.swift in Sources */ = {isa = PBXBuildFile; fileRef = AA0CEFF5C1B16F613CF4961B /* SessionFormatter.swift */; };
		4F001E568DF66F25802F9449 /* AboutView.swift in Sources */ = {isa = PBXBuildFile; fileRef = 6006006F719700E5CB8CAD70 /* AboutView.swift */; };
		54407C392BC4405D0D9ABD39 /* GRDB in Frameworks */ = {isa = PBXBuildFile; productRef = A202828F8AFFB6F940E2BDA5 /* GRDB */; };
		5E448D30BCB3E6B70611BDDE /* BrowserURLFetcher.swift in Sources */ = {isa = PBXBuildFile; fileRef = C56FE8674C179EBB8582A1C9 /* BrowserURLFetcher.swift */; };
		67F36B5C006A23A4AB2B4A78 /* TrackingStatusView.swift in Sources */ = {isa = PBXBuildFile; fileRef = FFFF2A6CB7FBF27A64A1E7E9 /* TrackingStatusView.swift */; };
		721AADFE56E0CCE878D8374C /* FocusSessionTests.swift in Sources */ = {isa = PBXBuildFile; fileRef = 203519E5E2018147BF42E1BE /* FocusSessionTests.swift */; };
		75751D40958A9830333F005F /* MenuBarView.swift in Sources */ = {isa = PBXBuildFile; fileRef = 8D1972D611D5056EC4B9B66A /* MenuBarView.swift */; };
		88920D23109AAE39F8C8F2D2 /* DatabaseManager.swift in Sources */ = {isa = PBXBuildFile; fileRef = 6050F571491038E2744B1122 /* DatabaseManager.swift */; };
		89FEC7AD65140689461D7FA0 /* SettingsManager.swift in Sources */ = {isa = PBXBuildFile; fileRef = F3C8B226E462249412DE7B16 /* SettingsManager.swift */; };
		8A458FEF753E8862414D9B1D /* DatabaseManagerTests.swift in Sources */ = {isa = PBXBuildFile; fileRef = 609F64549CBA61964FAABAB0 /* DatabaseManagerTests.swift */; };
		8F6408F7E646F087885638F8 /* GeckoApp.swift in Sources */ = {isa = PBXBuildFile; fileRef = 0F237EE48C4DB4A754509C17 /* GeckoApp.swift */; };
		9AA0C79ADEA06A3F6B0C1540 /* TrackingEngine.swift in Sources */ = {isa = PBXBuildFile; fileRef = C7423400B11AEAE0ACCC84AB /* TrackingEngine.swift */; };
		9FCF334CDE514CE172F06158 /* SettingsView.swift in Sources */ = {isa = PBXBuildFile; fileRef = 529AD4EBE02C86AFD4E18E21 /* SettingsView.swift */; };
		CC1D1642ED5D3C014FD0FF86 /* FocusSession.swift in Sources */ = {isa = PBXBuildFile; fileRef = 89CCD7476D4B09C2960B3296 /* FocusSession.swift */; };
		D35425D211829E816CB9BA10 /* SessionListViewModel.swift in Sources */ = {isa = PBXBuildFile; fileRef = 8AEE6FF0BF3AB00EA90E4BD9 /* SessionListViewModel.swift */; };
		DD2BA44B44B422D76749C2A4 /* PermissionManager.swift in Sources */ = {isa = PBXBuildFile; fileRef = A2357FDBE576E42911EB112C /* PermissionManager.swift */; };
		E2E02E8B0C4A2B6A8C651673 /* TabIdentifier.swift in Sources */ = {isa = PBXBuildFile; fileRef = 85EEA3C58188F9DA8A7FA883 /* TabIdentifier.swift */; };
		E7A2DD9A3AB6ED024CFAC066 /* BrowserURLFetcherTests.swift in Sources */ = {isa = PBXBuildFile; fileRef = 27F91918CD0F5E00F6C58320 /* BrowserURLFetcherTests.swift */; };
		EF5B485080A9B3C354AB9966 /* SessionListView.swift in Sources */ = {isa = PBXBuildFile; fileRef = 05058F5358C1B87D72263DBB /* SessionListView.swift */; };
		F542313E1A985009F974B173 /* TabIdentifierTests.swift in Sources */ = {isa = PBXBuildFile; fileRef = 715CCBEB4816AE07FA228B30 /* TabIdentifierTests.swift */; };
		F54EE0BF8824B8F0F110876F /* Assets.xcassets in Resources */ = {isa = PBXBuildFile; fileRef = A1039A1BE6D4B215E0FEB366 /* Assets.xcassets */; };
/* End PBXBuildFile section */

/* Begin PBXContainerItemProxy section */
		357DAF0895124B5F91E6F899 /* PBXContainerItemProxy */ = {
			isa = PBXContainerItemProxy;
			containerPortal = E0A75EE3080779BC85C268ED /* Project object */;
			proxyType = 1;
			remoteGlobalIDString = C29118035DDE5E77A4D75647;
			remoteInfo = Gecko;
		};
/* End PBXContainerItemProxy section */

/* Begin PBXFileReference section */
		00A5C67D0B5C31893670E77D /* SessionFormatterTests.swift */ = {isa = PBXFileReference; lastKnownFileType = sourcecode.swift; path = SessionFormatterTests.swift; sourceTree = "<group>"; };
		05058F5358C1B87D72263DBB /* SessionListView.swift */ = {isa = PBXFileReference; lastKnownFileType = sourcecode.swift; path = SessionListView.swift; sourceTree = "<group>"; };
		0C7D57D323079AEFBED2F94B /* Gecko.entitlements */ = {isa = PBXFileReference; lastKnownFileType = text.plist.entitlements; path = Gecko.entitlements; sourceTree = "<group>"; };
		0F237EE48C4DB4A754509C17 /* GeckoApp.swift */ = {isa = PBXFileReference; lastKnownFileType = sourcecode.swift; path = GeckoApp.swift; sourceTree = "<group>"; };
		203519E5E2018147BF42E1BE /* FocusSessionTests.swift */ = {isa = PBXFileReference; lastKnownFileType = sourcecode.swift; path = FocusSessionTests.swift; sourceTree = "<group>"; };
		223881DEA6F5F897603A4735 /* GeckoTests.xctest */ = {isa = PBXFileReference; explicitFileType = wrapper.cfbundle; includeInIndex = 0; path = GeckoTests.xctest; sourceTree = BUILT_PRODUCTS_DIR; };
		24FC4252E474CDF8EA4480D9 /* Info.plist */ = {isa = PBXFileReference; lastKnownFileType = text.plist; path = Info.plist; sourceTree = "<group>"; };
		27F91918CD0F5E00F6C58320 /* BrowserURLFetcherTests.swift */ = {isa = PBXFileReference; lastKnownFileType = sourcecode.swift; path = BrowserURLFetcherTests.swift; sourceTree = "<group>"; };
		292A060E95BFFAA5F8F2F2C2 /* Gecko.app */ = {isa = PBXFileReference; explicitFileType = wrapper.application; includeInIndex = 0; path = Gecko.app; sourceTree = BUILT_PRODUCTS_DIR; };
		529AD4EBE02C86AFD4E18E21 /* SettingsView.swift */ = {isa = PBXFileReference; lastKnownFileType = sourcecode.swift; path = SettingsView.swift; sourceTree = "<group>"; };
		6006006F719700E5CB8CAD70 /* AboutView.swift */ = {isa = PBXFileReference; lastKnownFileType = sourcecode.swift; path = AboutView.swift; sourceTree = "<group>"; };
		6050F571491038E2744B1122 /* DatabaseManager.swift */ = {isa = PBXFileReference; lastKnownFileType = sourcecode.swift; path = DatabaseManager.swift; sourceTree = "<group>"; };
		609F64549CBA61964FAABAB0 /* DatabaseManagerTests.swift */ = {isa = PBXFileReference; lastKnownFileType = sourcecode.swift; path = DatabaseManagerTests.swift; sourceTree = "<group>"; };
		715CCBEB4816AE07FA228B30 /* TabIdentifierTests.swift */ = {isa = PBXFileReference; lastKnownFileType = sourcecode.swift; path = TabIdentifierTests.swift; sourceTree = "<group>"; };
		8351A4EEE14ABE66856C8BE8 /* MainWindowView.swift */ = {isa = PBXFileReference; lastKnownFileType = sourcecode.swift; path = MainWindowView.swift; sourceTree = "<group>"; };
		85EEA3C58188F9DA8A7FA883 /* TabIdentifier.swift */ = {isa = PBXFileReference; lastKnownFileType = sourcecode.swift; path = TabIdentifier.swift; sourceTree = "<group>"; };
		885CF3295A75647988ABBE95 /* TrackingIntegrationTests.swift */ = {isa = PBXFileReference; lastKnownFileType = sourcecode.swift; path = TrackingIntegrationTests.swift; sourceTree = "<group>"; };
		89CCD7476D4B09C2960B3296 /* FocusSession.swift */ = {isa = PBXFileReference; lastKnownFileType = sourcecode.swift; path = FocusSession.swift; sourceTree = "<group>"; };
		8AEE6FF0BF3AB00EA90E4BD9 /* SessionListViewModel.swift */ = {isa = PBXFileReference; lastKnownFileType = sourcecode.swift; path = SessionListViewModel.swift; sourceTree = "<group>"; };
		8D1972D611D5056EC4B9B66A /* MenuBarView.swift */ = {isa = PBXFileReference; lastKnownFileType = sourcecode.swift; path = MenuBarView.swift; sourceTree = "<group>"; };
		8E685B9EF46A5EE3B34BD50F /* SettingsManagerTests.swift */ = {isa = PBXFileReference; lastKnownFileType = sourcecode.swift; path = SettingsManagerTests.swift; sourceTree = "<group>"; };
		A1039A1BE6D4B215E0FEB366 /* Assets.xcassets */ = {isa = PBXFileReference; lastKnownFileType = folder.assetcatalog; path = Assets.xcassets; sourceTree = "<group>"; };
		A2357FDBE576E42911EB112C /* PermissionManager.swift */ = {isa = PBXFileReference; lastKnownFileType = sourcecode.swift; path = PermissionManager.swift; sourceTree = "<group>"; };
		AA0CEFF5C1B16F613CF4961B /* SessionFormatter.swift */ = {isa = PBXFileReference; lastKnownFileType = sourcecode.swift; path = SessionFormatter.swift; sourceTree = "<group>"; };
		C56FE8674C179EBB8582A1C9 /* BrowserURLFetcher.swift */ = {isa = PBXFileReference; lastKnownFileType = sourcecode.swift; path = BrowserURLFetcher.swift; sourceTree = "<group>"; };
		C7423400B11AEAE0ACCC84AB /* TrackingEngine.swift */ = {isa = PBXFileReference; lastKnownFileType = sourcecode.swift; path = TrackingEngine.swift; sourceTree = "<group>"; };
		CA7D088BEC2C01178D2E9918 /* SessionListViewModelTests.swift */ = {isa = PBXFileReference; lastKnownFileType = sourcecode.swift; path = SessionListViewModelTests.swift; sourceTree = "<group>"; };
		F3C8B226E462249412DE7B16 /* SettingsManager.swift */ = {isa = PBXFileReference; lastKnownFileType = sourcecode.swift; path = SettingsManager.swift; sourceTree = "<group>"; };
		FFFF2A6CB7FBF27A64A1E7E9 /* TrackingStatusView.swift */ = {isa = PBXFileReference; lastKnownFileType = sourcecode.swift; path = TrackingStatusView.swift; sourceTree = "<group>"; };
/* End PBXFileReference section */

/* Begin PBXFrameworksBuildPhase section */
		74A3009CCBDCAD0594A9AA7E /* Frameworks */ = {
			isa = PBXFrameworksBuildPhase;
			buildActionMask = 2147483647;
			files = (
				0089BC2B358DE385EFD46338 /* GRDB in Frameworks */,
			);
			runOnlyForDeploymentPostprocessing = 0;
		};
		869BE3FF413149C94A4485F4 /* Frameworks */ = {
			isa = PBXFrameworksBuildPhase;
			buildActionMask = 2147483647;
			files = (
				54407C392BC4405D0D9ABD39 /* GRDB in Frameworks */,
			);
			runOnlyForDeploymentPostprocessing = 0;
		};
/* End PBXFrameworksBuildPhase section */

/* Begin PBXGroup section */
		0BDFE91A36D880F59A199ACE /* App */ = {
			isa = PBXGroup;
			children = (
				0F237EE48C4DB4A754509C17 /* GeckoApp.swift */,
			);
			path = App;
			sourceTree = "<group>";
		};
		46388FDA276C71910904F599 /* Resources */ = {
			isa = PBXGroup;
			children = (
				A1039A1BE6D4B215E0FEB366 /* Assets.xcassets */,
				0C7D57D323079AEFBED2F94B /* Gecko.entitlements */,
				24FC4252E474CDF8EA4480D9 /* Info.plist */,
			);
			name = Resources;
			path = Gecko/Resources;
			sourceTree = "<group>";
		};
		579075480CD01F51E32AE4B8 /* GeckoTests */ = {
			isa = PBXGroup;
			children = (
				27F91918CD0F5E00F6C58320 /* BrowserURLFetcherTests.swift */,
				609F64549CBA61964FAABAB0 /* DatabaseManagerTests.swift */,
				203519E5E2018147BF42E1BE /* FocusSessionTests.swift */,
				00A5C67D0B5C31893670E77D /* SessionFormatterTests.swift */,
				CA7D088BEC2C01178D2E9918 /* SessionListViewModelTests.swift */,
				8E685B9EF46A5EE3B34BD50F /* SettingsManagerTests.swift */,
				715CCBEB4816AE07FA228B30 /* TabIdentifierTests.swift */,
				885CF3295A75647988ABBE95 /* TrackingIntegrationTests.swift */,
			);
			path = GeckoTests;
			sourceTree = "<group>";
		};
		5F43FD838C3FF41C86613CCD /* Products */ = {
			isa = PBXGroup;
			children = (
				292A060E95BFFAA5F8F2F2C2 /* Gecko.app */,
				223881DEA6F5F897603A4735 /* GeckoTests.xctest */,
			);
			name = Products;
			sourceTree = "<group>";
		};
		601401235F56EBE83275AEC0 /* Sources */ = {
			isa = PBXGroup;
			children = (
				0BDFE91A36D880F59A199ACE /* App */,
				A51AFD26A3424D19F4B2F82B /* Models */,
				DEE035846637B6A52B09F101 /* Services */,
				6F4BFE2918F1053CF76C4F86 /* ViewModels */,
				C1A723E12E512E8AD8FB7AB3 /* Views */,
			);
			name = Sources;
			path = Gecko/Sources;
			sourceTree = "<group>";
		};
		6F4BFE2918F1053CF76C4F86 /* ViewModels */ = {
			isa = PBXGroup;
			children = (
				8AEE6FF0BF3AB00EA90E4BD9 /* SessionListViewModel.swift */,
			);
			path = ViewModels;
			sourceTree = "<group>";
		};
		A51AFD26A3424D19F4B2F82B /* Models */ = {
			isa = PBXGroup;
			children = (
				89CCD7476D4B09C2960B3296 /* FocusSession.swift */,
				85EEA3C58188F9DA8A7FA883 /* TabIdentifier.swift */,
			);
			path = Models;
			sourceTree = "<group>";
		};
		C1A723E12E512E8AD8FB7AB3 /* Views */ = {
			isa = PBXGroup;
			children = (
				6006006F719700E5CB8CAD70 /* AboutView.swift */,
				8351A4EEE14ABE66856C8BE8 /* MainWindowView.swift */,
				8D1972D611D5056EC4B9B66A /* MenuBarView.swift */,
				05058F5358C1B87D72263DBB /* SessionListView.swift */,
				529AD4EBE02C86AFD4E18E21 /* SettingsView.swift */,
				FFFF2A6CB7FBF27A64A1E7E9 /* TrackingStatusView.swift */,
			);
			path = Views;
			sourceTree = "<group>";
		};
		D6AABD80D5FF79A6B0672FA0 = {
			isa = PBXGroup;
			children = (
				579075480CD01F51E32AE4B8 /* GeckoTests */,
				46388FDA276C71910904F599 /* Resources */,
				601401235F56EBE83275AEC0 /* Sources */,
				5F43FD838C3FF41C86613CCD /* Products */,
			);
			sourceTree = "<group>";
		};
		DEE035846637B6A52B09F101 /* Services */ = {
			isa = PBXGroup;
			children = (
				C56FE8674C179EBB8582A1C9 /* BrowserURLFetcher.swift */,
				6050F571491038E2744B1122 /* DatabaseManager.swift */,
				A2357FDBE576E42911EB112C /* PermissionManager.swift */,
				AA0CEFF5C1B16F613CF4961B /* SessionFormatter.swift */,
				F3C8B226E462249412DE7B16 /* SettingsManager.swift */,
				C7423400B11AEAE0ACCC84AB /* TrackingEngine.swift */,
			);
			path = Services;
			sourceTree = "<group>";
		};
/* End PBXGroup section */

/* Begin PBXNativeTarget section */
		16BE8ABCBF5E28612D00EA11 /* GeckoTests */ = {
			isa = PBXNativeTarget;
			buildConfigurationList = A7D1BE9AD526D718FED41222 /* Build configuration list for PBXNativeTarget "GeckoTests" */;
			buildPhases = (
				BF440AFEC359127CF12FC7DA /* Sources */,
				869BE3FF413149C94A4485F4 /* Frameworks */,
			);
			buildRules = (
			);
			dependencies = (
				7EB44BCDF8A17E39B051F60C /* PBXTargetDependency */,
			);
			name = GeckoTests;
			packageProductDependencies = (
				A202828F8AFFB6F940E2BDA5 /* GRDB */,
			);
			productName = GeckoTests;
			productReference = 223881DEA6F5F897603A4735 /* GeckoTests.xctest */;
			productType = "com.apple.product-type.bundle.unit-test";
		};
		C29118035DDE5E77A4D75647 /* Gecko */ = {
			isa = PBXNativeTarget;
			buildConfigurationList = 0435132AD91DFF785F9319EF /* Build configuration list for PBXNativeTarget "Gecko" */;
			buildPhases = (
				80228815378445F7BBA6796A /* Sources */,
				75159F1140F8BA09A5670185 /* Resources */,
				74A3009CCBDCAD0594A9AA7E /* Frameworks */,
			);
			buildRules = (
			);
			dependencies = (
			);
			name = Gecko;
			packageProductDependencies = (
				C2CCF0780EE410525828F526 /* GRDB */,
			);
			productName = Gecko;
			productReference = 292A060E95BFFAA5F8F2F2C2 /* Gecko.app */;
			productType = "com.apple.product-type.application";
		};
/* End PBXNativeTarget section */

/* Begin PBXProject section */
		E0A75EE3080779BC85C268ED /* Project object */ = {
			isa = PBXProject;
			attributes = {
				BuildIndependentTargetsInParallel = YES;
				LastUpgradeCheck = 1600;
				TargetAttributes = {
					C29118035DDE5E77A4D75647 = {
						DevelopmentTeam = 7Q9CP6438M;
						ProvisioningStyle = Manual;
					};
				};
			};
			buildConfigurationList = D62E6523F7FFE12506E9F5BD /* Build configuration list for PBXProject "Gecko" */;
			compatibilityVersion = "Xcode 14.0";
			developmentRegion = en;
			hasScannedForEncodings = 0;
			knownRegions = (
				Base,
				en,
			);
			mainGroup = D6AABD80D5FF79A6B0672FA0;
			minimizedProjectReferenceProxies = 1;
			packageReferences = (
				7F6A9745266B101A4EC20522 /* XCRemoteSwiftPackageReference "GRDB.swift" */,
			);
			preferredProjectObjectVersion = 77;
			projectDirPath = "";
			projectRoot = "";
			targets = (
				C29118035DDE5E77A4D75647 /* Gecko */,
				16BE8ABCBF5E28612D00EA11 /* GeckoTests */,
			);
		};
/* End PBXProject section */

/* Begin PBXResourcesBuildPhase section */
		75159F1140F8BA09A5670185 /* Resources */ = {
			isa = PBXResourcesBuildPhase;
			buildActionMask = 2147483647;
			files = (
				F54EE0BF8824B8F0F110876F /* Assets.xcassets in Resources */,
			);
			runOnlyForDeploymentPostprocessing = 0;
		};
/* End PBXResourcesBuildPhase section */

/* Begin PBXSourcesBuildPhase section */
		80228815378445F7BBA6796A /* Sources */ = {
			isa = PBXSourcesBuildPhase;
			buildActionMask = 2147483647;
			files = (
				4F001E568DF66F25802F9449 /* AboutView.swift in Sources */,
				5E448D30BCB3E6B70611BDDE /* BrowserURLFetcher.swift in Sources */,
				88920D23109AAE39F8C8F2D2 /* DatabaseManager.swift in Sources */,
				CC1D1642ED5D3C014FD0FF86 /* FocusSession.swift in Sources */,
				8F6408F7E646F087885638F8 /* GeckoApp.swift in Sources */,
				1E825065A01AF3EF030E8063 /* MainWindowView.swift in Sources */,
				75751D40958A9830333F005F /* MenuBarView.swift in Sources */,
				DD2BA44B44B422D76749C2A4 /* PermissionManager.swift in Sources */,
				41F63E1D39F1982DFC892652 /* SessionFormatter.swift in Sources */,
				EF5B485080A9B3C354AB9966 /* SessionListView.swift in Sources */,
				D35425D211829E816CB9BA10 /* SessionListViewModel.swift in Sources */,
				89FEC7AD65140689461D7FA0 /* SettingsManager.swift in Sources */,
				9FCF334CDE514CE172F06158 /* SettingsView.swift in Sources */,
				E2E02E8B0C4A2B6A8C651673 /* TabIdentifier.swift in Sources */,
				9AA0C79ADEA06A3F6B0C1540 /* TrackingEngine.swift in Sources */,
				67F36B5C006A23A4AB2B4A78 /* TrackingStatusView.swift in Sources */,
			);
			runOnlyForDeploymentPostprocessing = 0;
		};
		BF440AFEC359127CF12FC7DA /* Sources */ = {
			isa = PBXSourcesBuildPhase;
			buildActionMask = 2147483647;
			files = (
				E7A2DD9A3AB6ED024CFAC066 /* BrowserURLFetcherTests.swift in Sources */,
				8A458FEF753E8862414D9B1D /* DatabaseManagerTests.swift in Sources */,
				721AADFE56E0CCE878D8374C /* FocusSessionTests.swift in Sources */,
				379414745EC99C2DEFAA03ED /* SessionFormatterTests.swift in Sources */,
				2AA5DA1DE52792302B44D2BC /* SessionListViewModelTests.swift in Sources */,
				32DC92917D19C4E060DCB1BE /* SettingsManagerTests.swift in Sources */,
				F542313E1A985009F974B173 /* TabIdentifierTests.swift in Sources */,
				1CCBE1EA8B9BEF3B17C03E19 /* TrackingIntegrationTests.swift in Sources */,
			);
			runOnlyForDeploymentPostprocessing = 0;
		};
/* End PBXSourcesBuildPhase section */

/* Begin PBXTargetDependency section */
		7EB44BCDF8A17E39B051F60C /* PBXTargetDependency */ = {
			isa = PBXTargetDependency;
			target = C29118035DDE5E77A4D75647 /* Gecko */;
			targetProxy = 357DAF0895124B5F91E6F899 /* PBXContainerItemProxy */;
		};
/* End PBXTargetDependency section */

/* Begin XCBuildConfiguration section */
		28BA689A814E940C4B75B64F /* Debug */ = {
			isa = XCBuildConfiguration;
			buildSettings = {
				ASSETCATALOG_COMPILER_APPICON_NAME = AppIcon;
				CODE_SIGN_ENTITLEMENTS = Gecko/Resources/Gecko.entitlements;
				CODE_SIGN_IDENTITY = 675988434F86B7962DFFF3CAFE8A143092E4997A;
				CODE_SIGN_STYLE = Manual;
				COMBINE_HIDPI_IMAGES = YES;
				CURRENT_PROJECT_VERSION = 1;
				DEVELOPMENT_TEAM = 7Q9CP6438M;
				ENABLE_APP_SANDBOX = NO;
				INFOPLIST_FILE = Gecko/Resources/Info.plist;
				LD_RUNPATH_SEARCH_PATHS = (
					"$(inherited)",
					"@executable_path/../Frameworks",
				);
				MACOSX_DEPLOYMENT_TARGET = 14.0;
				MARKETING_VERSION = 0.1.0;
				PRODUCT_BUNDLE_IDENTIFIER = com.gecko.app;
				PRODUCT_NAME = Gecko;
				SDKROOT = macosx;
				SWIFT_VERSION = 5.10;
			};
			name = Debug;
		};
		44CA243EC15D57313B36FDBB /* Debug */ = {
			isa = XCBuildConfiguration;
			buildSettings = {
				BUNDLE_LOADER = "$(TEST_HOST)";
				COMBINE_HIDPI_IMAGES = YES;
				GENERATE_INFOPLIST_FILE = YES;
				LD_RUNPATH_SEARCH_PATHS = (
					"$(inherited)",
					"@executable_path/../Frameworks",
					"@loader_path/../Frameworks",
				);
				MACOSX_DEPLOYMENT_TARGET = 14.0;
				PRODUCT_BUNDLE_IDENTIFIER = com.gecko.app.tests;
				SDKROOT = macosx;
				SWIFT_VERSION = 5.10;
				TEST_HOST = "$(BUILT_PRODUCTS_DIR)/Gecko.app/Contents/MacOS/Gecko";
			};
			name = Debug;
		};
		7588898E58BA79FAA291C02C /* Debug */ = {
			isa = XCBuildConfiguration;
			buildSettings = {
				ALWAYS_SEARCH_USER_PATHS = NO;
				CLANG_ANALYZER_NONNULL = YES;
				CLANG_ANALYZER_NUMBER_OBJECT_CONVERSION = YES_AGGRESSIVE;
				CLANG_CXX_LANGUAGE_STANDARD = "gnu++14";
				CLANG_CXX_LIBRARY = "libc++";
				CLANG_ENABLE_MODULES = YES;
				CLANG_ENABLE_OBJC_ARC = YES;
				CLANG_ENABLE_OBJC_WEAK = YES;
				CLANG_WARN_BLOCK_CAPTURE_AUTORELEASING = YES;
				CLANG_WARN_BOOL_CONVERSION = YES;
				CLANG_WARN_COMMA = YES;
				CLANG_WARN_CONSTANT_CONVERSION = YES;
				CLANG_WARN_DEPRECATED_OBJC_IMPLEMENTATIONS = YES;
				CLANG_WARN_DIRECT_OBJC_ISA_USAGE = YES_ERROR;
				CLANG_WARN_DOCUMENTATION_COMMENTS = YES;
				CLANG_WARN_EMPTY_BODY = YES;
				CLANG_WARN_ENUM_CONVERSION = YES;
				CLANG_WARN_INFINITE_RECURSION = YES;
				CLANG_WARN_INT_CONVERSION = YES;
				CLANG_WARN_NON_LITERAL_NULL_CONVERSION = YES;
				CLANG_WARN_OBJC_IMPLICIT_RETAIN_SELF = YES;
				CLANG_WARN_OBJC_LITERAL_CONVERSION = YES;
				CLANG_WARN_OBJC_ROOT_CLASS = YES_ERROR;
				CLANG_WARN_QUOTED_INCLUDE_IN_FRAMEWORK_HEADER = YES;
				CLANG_WARN_RANGE_LOOP_ANALYSIS = YES;
				CLANG_WARN_STRICT_PROTOTYPES = YES;
				CLANG_WARN_SUSPICIOUS_MOVE = YES;
				CLANG_WARN_UNGUARDED_AVAILABILITY = YES_AGGRESSIVE;
				CLANG_WARN_UNREACHABLE_CODE = YES;
				CLANG_WARN__DUPLICATE_METHOD_MATCH = YES;
				COPY_PHASE_STRIP = NO;
				DEBUG_INFORMATION_FORMAT = dwarf;
				ENABLE_STRICT_OBJC_MSGSEND = YES;
				ENABLE_TESTABILITY = YES;
				GCC_C_LANGUAGE_STANDARD = gnu11;
				GCC_DYNAMIC_NO_PIC = NO;
				GCC_NO_COMMON_BLOCKS = YES;
				GCC_OPTIMIZATION_LEVEL = 0;
				GCC_PREPROCESSOR_DEFINITIONS = (
					"$(inherited)",
					"DEBUG=1",
				);
				GCC_WARN_64_TO_32_BIT_CONVERSION = YES;
				GCC_WARN_ABOUT_RETURN_TYPE = YES_ERROR;
				GCC_WARN_UNDECLARED_SELECTOR = YES;
				GCC_WARN_UNINITIALIZED_AUTOS = YES_AGGRESSIVE;
				GCC_WARN_UNUSED_FUNCTION = YES;
				GCC_WARN_UNUSED_VARIABLE = YES;
				MACOSX_DEPLOYMENT_TARGET = 14.0;
				MTL_ENABLE_DEBUG_INFO = INCLUDE_SOURCE;
				MTL_FAST_MATH = YES;
				ONLY_ACTIVE_ARCH = YES;
				PRODUCT_NAME = "$(TARGET_NAME)";
				SDKROOT = macosx;
				SWIFT_ACTIVE_COMPILATION_CONDITIONS = DEBUG;
				SWIFT_OPTIMIZATION_LEVEL = "-Onone";
				SWIFT_VERSION = 5.0;
			};
			name = Debug;
		};
		9BCF23347CC876AA2D711BCE /* Release */ = {
			isa = XCBuildConfiguration;
			buildSettings = {
				ASSETCATALOG_COMPILER_APPICON_NAME = AppIcon;
				CODE_SIGN_ENTITLEMENTS = Gecko/Resources/Gecko.entitlements;
				CODE_SIGN_IDENTITY = 675988434F86B7962DFFF3CAFE8A143092E4997A;
				CODE_SIGN_STYLE = Manual;
				COMBINE_HIDPI_IMAGES = YES;
				CURRENT_PROJECT_VERSION = 1;
				DEVELOPMENT_TEAM = 7Q9CP6438M;
				ENABLE_APP_SANDBOX = NO;
				INFOPLIST_FILE = Gecko/Resources/Info.plist;
				LD_RUNPATH_SEARCH_PATHS = (
					"$(inherited)",
					"@executable_path/../Frameworks",
				);
				MACOSX_DEPLOYMENT_TARGET = 14.0;
				MARKETING_VERSION = 0.1.0;
				PRODUCT_BUNDLE_IDENTIFIER = com.gecko.app;
				PRODUCT_NAME = Gecko;
				SDKROOT = macosx;
				SWIFT_VERSION = 5.10;
			};
			name = Release;
		};
		9FD6F158E4A2B350CF73CE89 /* Release */ = {
			isa = XCBuildConfiguration;
			buildSettings = {
				ALWAYS_SEARCH_USER_PATHS = NO;
				CLANG_ANALYZER_NONNULL = YES;
				CLANG_ANALYZER_NUMBER_OBJECT_CONVERSION = YES_AGGRESSIVE;
				CLANG_CXX_LANGUAGE_STANDARD = "gnu++14";
				CLANG_CXX_LIBRARY = "libc++";
				CLANG_ENABLE_MODULES = YES;
				CLANG_ENABLE_OBJC_ARC = YES;
				CLANG_ENABLE_OBJC_WEAK = YES;
				CLANG_WARN_BLOCK_CAPTURE_AUTORELEASING = YES;
				CLANG_WARN_BOOL_CONVERSION = YES;
				CLANG_WARN_COMMA = YES;
				CLANG_WARN_CONSTANT_CONVERSION = YES;
				CLANG_WARN_DEPRECATED_OBJC_IMPLEMENTATIONS = YES;
				CLANG_WARN_DIRECT_OBJC_ISA_USAGE = YES_ERROR;
				CLANG_WARN_DOCUMENTATION_COMMENTS = YES;
				CLANG_WARN_EMPTY_BODY = YES;
				CLANG_WARN_ENUM_CONVERSION = YES;
				CLANG_WARN_INFINITE_RECURSION = YES;
				CLANG_WARN_INT_CONVERSION = YES;
				CLANG_WARN_NON_LITERAL_NULL_CONVERSION = YES;
				CLANG_WARN_OBJC_IMPLICIT_RETAIN_SELF = YES;
				CLANG_WARN_OBJC_LITERAL_CONVERSION = YES;
				CLANG_WARN_OBJC_ROOT_CLASS = YES_ERROR;
				CLANG_WARN_QUOTED_INCLUDE_IN_FRAMEWORK_HEADER = YES;
				CLANG_WARN_RANGE_LOOP_ANALYSIS = YES;
				CLANG_WARN_STRICT_PROTOTYPES = YES;
				CLANG_WARN_SUSPICIOUS_MOVE = YES;
				CLANG_WARN_UNGUARDED_AVAILABILITY = YES_AGGRESSIVE;
				CLANG_WARN_UNREACHABLE_CODE = YES;
				CLANG_WARN__DUPLICATE_METHOD_MATCH = YES;
				COPY_PHASE_STRIP = NO;
				DEBUG_INFORMATION_FORMAT = "dwarf-with-dsym";
				ENABLE_NS_ASSERTIONS = NO;
				ENABLE_STRICT_OBJC_MSGSEND = YES;
				GCC_C_LANGUAGE_STANDARD = gnu11;
				GCC_NO_COMMON_BLOCKS = YES;
				GCC_WARN_64_TO_32_BIT_CONVERSION = YES;
				GCC_WARN_ABOUT_RETURN_TYPE = YES_ERROR;
				GCC_WARN_UNDECLARED_SELECTOR = YES;
				GCC_WARN_UNINITIALIZED_AUTOS = YES_AGGRESSIVE;
				GCC_WARN_UNUSED_FUNCTION = YES;
				GCC_WARN_UNUSED_VARIABLE = YES;
				MACOSX_DEPLOYMENT_TARGET = 14.0;
				MTL_ENABLE_DEBUG_INFO = NO;
				MTL_FAST_MATH = YES;
				PRODUCT_NAME = "$(TARGET_NAME)";
				SDKROOT = macosx;
				SWIFT_COMPILATION_MODE = wholemodule;
				SWIFT_OPTIMIZATION_LEVEL = "-O";
				SWIFT_VERSION = 5.0;
			};
			name = Release;
		};
		E9A7B9A289BB3B72A582AB12 /* Release */ = {
			isa = XCBuildConfiguration;
			buildSettings = {
				BUNDLE_LOADER = "$(TEST_HOST)";
				COMBINE_HIDPI_IMAGES = YES;
				GENERATE_INFOPLIST_FILE = YES;
				LD_RUNPATH_SEARCH_PATHS = (
					"$(inherited)",
					"@executable_path/../Frameworks",
					"@loader_path/../Frameworks",
				);
				MACOSX_DEPLOYMENT_TARGET = 14.0;
				PRODUCT_BUNDLE_IDENTIFIER = com.gecko.app.tests;
				SDKROOT = macosx;
				SWIFT_VERSION = 5.10;
				TEST_HOST = "$(BUILT_PRODUCTS_DIR)/Gecko.app/Contents/MacOS/Gecko";
			};
			name = Release;
		};
/* End XCBuildConfiguration section */

/* Begin XCConfigurationList section */
		0435132AD91DFF785F9319EF /* Build configuration list for PBXNativeTarget "Gecko" */ = {
			isa = XCConfigurationList;
			buildConfigurations = (
				28BA689A814E940C4B75B64F /* Debug */,
				9BCF23347CC876AA2D711BCE /* Release */,
			);
			defaultConfigurationIsVisible = 0;
			defaultConfigurationName = Debug;
		};
		A7D1BE9AD526D718FED41222 /* Build configuration list for PBXNativeTarget "GeckoTests" */ = {
			isa = XCConfigurationList;
			buildConfigurations = (
				44CA243EC15D57313B36FDBB /* Debug */,
				E9A7B9A289BB3B72A582AB12 /* Release */,
			);
			defaultConfigurationIsVisible = 0;
			defaultConfigurationName = Debug;
		};
		D62E6523F7FFE12506E9F5BD /* Build configuration list for PBXProject "Gecko" */ = {
			isa = XCConfigurationList;
			buildConfigurations = (
				7588898E58BA79FAA291C02C /* Debug */,
				9FD6F158E4A2B350CF73CE89 /* Release */,
			);
			defaultConfigurationIsVisible = 0;
			defaultConfigurationName = Debug;
		};
/* End XCConfigurationList section */

/* Begin XCRemoteSwiftPackageReference section */
		7F6A9745266B101A4EC20522 /* XCRemoteSwiftPackageReference "GRDB.swift" */ = {
			isa = XCRemoteSwiftPackageReference;
			repositoryURL = "https://github.com/groue/GRDB.swift";
			requirement = {
				kind = upToNextMajorVersion;
				minimumVersion = 7.0.0;
			};
		};
/* End XCRemoteSwiftPackageReference section */

/* Begin XCSwiftPackageProductDependency section */
		A202828F8AFFB6F940E2BDA5 /* GRDB */ = {
			isa = XCSwiftPackageProductDependency;
			package = 7F6A9745266B101A4EC20522 /* XCRemoteSwiftPackageReference "GRDB.swift" */;
			productName = GRDB;
		};
		C2CCF0780EE410525828F526 /* GRDB */ = {
			isa = XCSwiftPackageProductDependency;
			package = 7F6A9745266B101A4EC20522 /* XCRemoteSwiftPackageReference "GRDB.swift" */;
			productName = GRDB;
		};
/* End XCSwiftPackageProductDependency section */
	};
	rootObject = E0A75EE3080779BC85C268ED /* Project object */;
}
